// !$*UTF8*$!
{
	archiveVersion = 1;
	classes = {
	};
	objectVersion = 48;
	objects = {

/* Begin PBXBuildFile section */
		5A26E8081F8710D30075B9C4 /* AppDelegate.swift in Sources */ = {isa = PBXBuildFile; fileRef = 5A26E8071F8710D30075B9C4 /* AppDelegate.swift */; };
		5A26E80A1F8710D30075B9C4 /* ViewController.swift in Sources */ = {isa = PBXBuildFile; fileRef = 5A26E8091F8710D30075B9C4 /* ViewController.swift */; };
		5A26E80D1F8710D30075B9C4 /* Main.storyboard in Resources */ = {isa = PBXBuildFile; fileRef = 5A26E80B1F8710D30075B9C4 /* Main.storyboard */; };
		5A26E80F1F8710D30075B9C4 /* Assets.xcassets in Resources */ = {isa = PBXBuildFile; fileRef = 5A26E80E1F8710D30075B9C4 /* Assets.xcassets */; };
		5A26E8121F8710D30075B9C4 /* LaunchScreen.storyboard in Resources */ = {isa = PBXBuildFile; fileRef = 5A26E8101F8710D30075B9C4 /* LaunchScreen.storyboard */; };
		5A26E81D1F8710D30075B9C4 /* PlaygroundTests.swift in Sources */ = {isa = PBXBuildFile; fileRef = 5A26E81C1F8710D30075B9C4 /* PlaygroundTests.swift */; };
		5A26E8281F8710D30075B9C4 /* PlaygroundUITests.swift in Sources */ = {isa = PBXBuildFile; fileRef = 5A26E8271F8710D30075B9C4 /* PlaygroundUITests.swift */; };
/* End PBXBuildFile section */

/* Begin PBXContainerItemProxy section */
		5A26E8191F8710D30075B9C4 /* PBXContainerItemProxy */ = {
			isa = PBXContainerItemProxy;
			containerPortal = 5A26E7FC1F8710D30075B9C4 /* Project object */;
			proxyType = 1;
			remoteGlobalIDString = 5A26E8031F8710D30075B9C4;
			remoteInfo = Playground;
		};
		5A26E8241F8710D30075B9C4 /* PBXContainerItemProxy */ = {
			isa = PBXContainerItemProxy;
			containerPortal = 5A26E7FC1F8710D30075B9C4 /* Project object */;
			proxyType = 1;
			remoteGlobalIDString = 5A26E8031F8710D30075B9C4;
			remoteInfo = Playground;
		};
/* End PBXContainerItemProxy section */

/* Begin PBXFileReference section */
		5A26E8041F8710D30075B9C4 /* Playground.app */ = {isa = PBXFileReference; explicitFileType = wrapper.application; includeInIndex = 0; path = Playground.app; sourceTree = BUILT_PRODUCTS_DIR; };
		5A26E8071F8710D30075B9C4 /* AppDelegate.swift */ = {isa = PBXFileReference; lastKnownFileType = sourcecode.swift; path = AppDelegate.swift; sourceTree = "<group>"; };
		5A26E8091F8710D30075B9C4 /* ViewController.swift */ = {isa = PBXFileReference; lastKnownFileType = sourcecode.swift; path = ViewController.swift; sourceTree = "<group>"; };
		5A26E80C1F8710D30075B9C4 /* Base */ = {isa = PBXFileReference; lastKnownFileType = file.storyboard; name = Base; path = Base.lproj/Main.storyboard; sourceTree = "<group>"; };
		5A26E80E1F8710D30075B9C4 /* Assets.xcassets */ = {isa = PBXFileReference; lastKnownFileType = folder.assetcatalog; path = Assets.xcassets; sourceTree = "<group>"; };
		5A26E8111F8710D30075B9C4 /* Base */ = {isa = PBXFileReference; lastKnownFileType = file.storyboard; name = Base; path = Base.lproj/LaunchScreen.storyboard; sourceTree = "<group>"; };
		5A26E8131F8710D30075B9C4 /* Info.plist */ = {isa = PBXFileReference; lastKnownFileType = text.plist.xml; path = Info.plist; sourceTree = "<group>"; };
		5A26E8181F8710D30075B9C4 /* PlaygroundTests.xctest */ = {isa = PBXFileReference; explicitFileType = wrapper.cfbundle; includeInIndex = 0; path = PlaygroundTests.xctest; sourceTree = BUILT_PRODUCTS_DIR; };
		5A26E81C1F8710D30075B9C4 /* PlaygroundTests.swift */ = {isa = PBXFileReference; lastKnownFileType = sourcecode.swift; path = PlaygroundTests.swift; sourceTree = "<group>"; };
		5A26E81E1F8710D30075B9C4 /* Info.plist */ = {isa = PBXFileReference; lastKnownFileType = text.plist.xml; path = Info.plist; sourceTree = "<group>"; };
		5A26E8231F8710D30075B9C4 /* PlaygroundUITests.xctest */ = {isa = PBXFileReference; explicitFileType = wrapper.cfbundle; includeInIndex = 0; path = PlaygroundUITests.xctest; sourceTree = BUILT_PRODUCTS_DIR; };
		5A26E8271F8710D30075B9C4 /* PlaygroundUITests.swift */ = {isa = PBXFileReference; lastKnownFileType = sourcecode.swift; path = PlaygroundUITests.swift; sourceTree = "<group>"; };
		5A26E8291F8710D30075B9C4 /* Info.plist */ = {isa = PBXFileReference; lastKnownFileType = text.plist.xml; path = Info.plist; sourceTree = "<group>"; };
/* End PBXFileReference section */

/* Begin PBXFrameworksBuildPhase section */
		5A26E8011F8710D30075B9C4 /* Frameworks */ = {
			isa = PBXFrameworksBuildPhase;
			buildActionMask = 2147483647;
			files = (
			);
			runOnlyForDeploymentPostprocessing = 0;
		};
		5A26E8151F8710D30075B9C4 /* Frameworks */ = {
			isa = PBXFrameworksBuildPhase;
			buildActionMask = 2147483647;
			files = (
			);
			runOnlyForDeploymentPostprocessing = 0;
		};
		5A26E8201F8710D30075B9C4 /* Frameworks */ = {
			isa = PBXFrameworksBuildPhase;
			buildActionMask = 2147483647;
			files = (
			);
			runOnlyForDeploymentPostprocessing = 0;
		};
/* End PBXFrameworksBuildPhase section */

/* Begin PBXGroup section */
		5A26E7FB1F8710D30075B9C4 = {
			isa = PBXGroup;
			children = (
				5A26E8061F8710D30075B9C4 /* Playground */,
				5A26E81B1F8710D30075B9C4 /* PlaygroundTests */,
				5A26E8261F8710D30075B9C4 /* PlaygroundUITests */,
				5A26E8051F8710D30075B9C4 /* Products */,
			);
			sourceTree = "<group>";
		};
		5A26E8051F8710D30075B9C4 /* Products */ = {
			isa = PBXGroup;
			children = (
				5A26E8041F8710D30075B9C4 /* Playground.app */,
				5A26E8181F8710D30075B9C4 /* PlaygroundTests.xctest */,
				5A26E8231F8710D30075B9C4 /* PlaygroundUITests.xctest */,
			);
			name = Products;
			sourceTree = "<group>";
		};
		5A26E8061F8710D30075B9C4 /* Playground */ = {
			isa = PBXGroup;
			children = (
				5A26E8071F8710D30075B9C4 /* AppDelegate.swift */,
				5A26E8091F8710D30075B9C4 /* ViewController.swift */,
				5A26E80B1F8710D30075B9C4 /* Main.storyboard */,
				5A26E80E1F8710D30075B9C4 /* Assets.xcassets */,
				5A26E8101F8710D30075B9C4 /* LaunchScreen.storyboard */,
				5A26E8131F8710D30075B9C4 /* Info.plist */,
			);
			path = Playground;
			sourceTree = "<group>";
		};
		5A26E81B1F8710D30075B9C4 /* PlaygroundTests */ = {
			isa = PBXGroup;
			children = (
				5A26E81C1F8710D30075B9C4 /* PlaygroundTests.swift */,
				5A26E81E1F8710D30075B9C4 /* Info.plist */,
			);
			path = PlaygroundTests;
			sourceTree = "<group>";
		};
		5A26E8261F8710D30075B9C4 /* PlaygroundUITests */ = {
			isa = PBXGroup;
			children = (
				5A26E8271F8710D30075B9C4 /* PlaygroundUITests.swift */,
				5A26E8291F8710D30075B9C4 /* Info.plist */,
			);
			path = PlaygroundUITests;
			sourceTree = "<group>";
		};
/* End PBXGroup section */

/* Begin PBXNativeTarget section */
		5A26E8031F8710D30075B9C4 /* Playground */ = {
			isa = PBXNativeTarget;
			buildConfigurationList = 5A26E82C1F8710D30075B9C4 /* Build configuration list for PBXNativeTarget "Playground" */;
			buildPhases = (
				5A26E8001F8710D30075B9C4 /* Sources */,
				5A26E8011F8710D30075B9C4 /* Frameworks */,
				5A26E8021F8710D30075B9C4 /* Resources */,
			);
			buildRules = (
			);
			dependencies = (
			);
			name = Playground;
			productName = Playground;
			productReference = 5A26E8041F8710D30075B9C4 /* Playground.app */;
			productType = "com.apple.product-type.application";
		};
		5A26E8171F8710D30075B9C4 /* PlaygroundTests */ = {
			isa = PBXNativeTarget;
			buildConfigurationList = 5A26E82F1F8710D30075B9C4 /* Build configuration list for PBXNativeTarget "PlaygroundTests" */;
			buildPhases = (
				5A26E8141F8710D30075B9C4 /* Sources */,
				5A26E8151F8710D30075B9C4 /* Frameworks */,
				5A26E8161F8710D30075B9C4 /* Resources */,
			);
			buildRules = (
			);
			dependencies = (
				5A26E81A1F8710D30075B9C4 /* PBXTargetDependency */,
			);
			name = PlaygroundTests;
			productName = PlaygroundTests;
			productReference = 5A26E8181F8710D30075B9C4 /* PlaygroundTests.xctest */;
			productType = "com.apple.product-type.bundle.unit-test";
		};
		5A26E8221F8710D30075B9C4 /* PlaygroundUITests */ = {
			isa = PBXNativeTarget;
			buildConfigurationList = 5A26E8321F8710D30075B9C4 /* Build configuration list for PBXNativeTarget "PlaygroundUITests" */;
			buildPhases = (
				5A26E81F1F8710D30075B9C4 /* Sources */,
				5A26E8201F8710D30075B9C4 /* Frameworks */,
				5A26E8211F8710D30075B9C4 /* Resources */,
			);
			buildRules = (
			);
			dependencies = (
				5A26E8251F8710D30075B9C4 /* PBXTargetDependency */,
			);
			name = PlaygroundUITests;
			productName = PlaygroundUITests;
			productReference = 5A26E8231F8710D30075B9C4 /* PlaygroundUITests.xctest */;
			productType = "com.apple.product-type.bundle.ui-testing";
		};
/* End PBXNativeTarget section */

/* Begin PBXProject section */
		5A26E7FC1F8710D30075B9C4 /* Project object */ = {
			isa = PBXProject;
			attributes = {
				LastSwiftUpdateCheck = 0900;
				LastUpgradeCheck = 0900;
				ORGANIZATIONNAME = "Cory Reskakis";
				TargetAttributes = {
					5A26E8031F8710D30075B9C4 = {
						CreatedOnToolsVersion = 9.0;
						ProvisioningStyle = Automatic;
					};
					5A26E8171F8710D30075B9C4 = {
						CreatedOnToolsVersion = 9.0;
						ProvisioningStyle = Automatic;
						TestTargetID = 5A26E8031F8710D30075B9C4;
					};
					5A26E8221F8710D30075B9C4 = {
						CreatedOnToolsVersion = 9.0;
						ProvisioningStyle = Automatic;
						TestTargetID = 5A26E8031F8710D30075B9C4;
					};
				};
			};
			buildConfigurationList = 5A26E7FF1F8710D30075B9C4 /* Build configuration list for PBXProject "Playground" */;
			compatibilityVersion = "Xcode 8.0";
			developmentRegion = en;
			hasScannedForEncodings = 0;
			knownRegions = (
				en,
				Base,
			);
			mainGroup = 5A26E7FB1F8710D30075B9C4;
			productRefGroup = 5A26E8051F8710D30075B9C4 /* Products */;
			projectDirPath = "";
			projectRoot = "";
			targets = (
				5A26E8031F8710D30075B9C4 /* Playground */,
				5A26E8171F8710D30075B9C4 /* PlaygroundTests */,
				5A26E8221F8710D30075B9C4 /* PlaygroundUITests */,
			);
		};
/* End PBXProject section */

/* Begin PBXResourcesBuildPhase section */
		5A26E8021F8710D30075B9C4 /* Resources */ = {
			isa = PBXResourcesBuildPhase;
			buildActionMask = 2147483647;
			files = (
				5A26E8121F8710D30075B9C4 /* LaunchScreen.storyboard in Resources */,
				5A26E80F1F8710D30075B9C4 /* Assets.xcassets in Resources */,
				5A26E80D1F8710D30075B9C4 /* Main.storyboard in Resources */,
			);
			runOnlyForDeploymentPostprocessing = 0;
		};
		5A26E8161F8710D30075B9C4 /* Resources */ = {
			isa = PBXResourcesBuildPhase;
			buildActionMask = 2147483647;
			files = (
			);
			runOnlyForDeploymentPostprocessing = 0;
		};
		5A26E8211F8710D30075B9C4 /* Resources */ = {
			isa = PBXResourcesBuildPhase;
			buildActionMask = 2147483647;
			files = (
			);
			runOnlyForDeploymentPostprocessing = 0;
		};
/* End PBXResourcesBuildPhase section */

/* Begin PBXSourcesBuildPhase section */
		5A26E8001F8710D30075B9C4 /* Sources */ = {
			isa = PBXSourcesBuildPhase;
			buildActionMask = 2147483647;
			files = (
				5A26E80A1F8710D30075B9C4 /* ViewController.swift in Sources */,
				5A26E8081F8710D30075B9C4 /* AppDelegate.swift in Sources */,
			);
			runOnlyForDeploymentPostprocessing = 0;
		};
		5A26E8141F8710D30075B9C4 /* Sources */ = {
			isa = PBXSourcesBuildPhase;
			buildActionMask = 2147483647;
			files = (
				5A26E81D1F8710D30075B9C4 /* PlaygroundTests.swift in Sources */,
			);
			runOnlyForDeploymentPostprocessing = 0;
		};
		5A26E81F1F8710D30075B9C4 /* Sources */ = {
			isa = PBXSourcesBuildPhase;
			buildActionMask = 2147483647;
			files = (
				5A26E8281F8710D30075B9C4 /* PlaygroundUITests.swift in Sources */,
			);
			runOnlyForDeploymentPostprocessing = 0;
		};
/* End PBXSourcesBuildPhase section */

/* Begin PBXTargetDependency section */
		5A26E81A1F8710D30075B9C4 /* PBXTargetDependency */ = {
			isa = PBXTargetDependency;
			target = 5A26E8031F8710D30075B9C4 /* Playground */;
			targetProxy = 5A26E8191F8710D30075B9C4 /* PBXContainerItemProxy */;
		};
		5A26E8251F8710D30075B9C4 /* PBXTargetDependency */ = {
			isa = PBXTargetDependency;
			target = 5A26E8031F8710D30075B9C4 /* Playground */;
			targetProxy = 5A26E8241F8710D30075B9C4 /* PBXContainerItemProxy */;
		};
/* End PBXTargetDependency section */

/* Begin PBXVariantGroup section */
		5A26E80B1F8710D30075B9C4 /* Main.storyboard */ = {
			isa = PBXVariantGroup;
			children = (
				5A26E80C1F8710D30075B9C4 /* Base */,
			);
			name = Main.storyboard;
			sourceTree = "<group>";
		};
		5A26E8101F8710D30075B9C4 /* LaunchScreen.storyboard */ = {
			isa = PBXVariantGroup;
			children = (
				5A26E8111F8710D30075B9C4 /* Base */,
			);
			name = LaunchScreen.storyboard;
			sourceTree = "<group>";
		};
/* End PBXVariantGroup section */

/* Begin XCBuildConfiguration section */
		5A26E82A1F8710D30075B9C4 /* Debug */ = {
			isa = XCBuildConfiguration;
			buildSettings = {
				ALWAYS_SEARCH_USER_PATHS = NO;
				CLANG_ANALYZER_NONNULL = YES;
				CLANG_ANALYZER_NUMBER_OBJECT_CONVERSION = YES_AGGRESSIVE;
				CLANG_CXX_LANGUAGE_STANDARD = "gnu++14";
				CLANG_CXX_LIBRARY = "libc++";
				CLANG_ENABLE_MODULES = YES;
				CLANG_ENABLE_OBJC_ARC = YES;
				CLANG_WARN_BLOCK_CAPTURE_AUTORELEASING = YES;
				CLANG_WARN_BOOL_CONVERSION = YES;
				CLANG_WARN_COMMA = YES;
				CLANG_WARN_CONSTANT_CONVERSION = YES;
				CLANG_WARN_DIRECT_OBJC_ISA_USAGE = YES_ERROR;
				CLANG_WARN_DOCUMENTATION_COMMENTS = YES;
				CLANG_WARN_EMPTY_BODY = YES;
				CLANG_WARN_ENUM_CONVERSION = YES;
				CLANG_WARN_INFINITE_RECURSION = YES;
				CLANG_WARN_INT_CONVERSION = YES;
				CLANG_WARN_NON_LITERAL_NULL_CONVERSION = YES;
				CLANG_WARN_OBJC_LITERAL_CONVERSION = YES;
				CLANG_WARN_OBJC_ROOT_CLASS = YES_ERROR;
				CLANG_WARN_RANGE_LOOP_ANALYSIS = YES;
				CLANG_WARN_STRICT_PROTOTYPES = YES;
				CLANG_WARN_SUSPICIOUS_MOVE = YES;
				CLANG_WARN_UNGUARDED_AVAILABILITY = YES_AGGRESSIVE;
				CLANG_WARN_UNREACHABLE_CODE = YES;
				CLANG_WARN__DUPLICATE_METHOD_MATCH = YES;
				CODE_SIGN_IDENTITY = "iPhone Developer";
				COPY_PHASE_STRIP = NO;
				DEBUG_INFORMATION_FORMAT = dwarf;
				ENABLE_STRICT_OBJC_MSGSEND = YES;
				ENABLE_TESTABILITY = YES;
				GCC_C_LANGUAGE_STANDARD = gnu11;
				GCC_DYNAMIC_NO_PIC = NO;
				GCC_NO_COMMON_BLOCKS = YES;
				GCC_OPTIMIZATION_LEVEL = 0;
				GCC_PREPROCESSOR_DEFINITIONS = (
					"DEBUG=1",
					"$(inherited)",
				);
				GCC_WARN_64_TO_32_BIT_CONVERSION = YES;
				GCC_WARN_ABOUT_RETURN_TYPE = YES_ERROR;
				GCC_WARN_UNDECLARED_SELECTOR = YES;
				GCC_WARN_UNINITIALIZED_AUTOS = YES_AGGRESSIVE;
				GCC_WARN_UNUSED_FUNCTION = YES;
				GCC_WARN_UNUSED_VARIABLE = YES;
				IPHONEOS_DEPLOYMENT_TARGET = 11.0;
				MTL_ENABLE_DEBUG_INFO = YES;
				ONLY_ACTIVE_ARCH = YES;
				SDKROOT = iphoneos;
				SWIFT_ACTIVE_COMPILATION_CONDITIONS = DEBUG;
				SWIFT_OPTIMIZATION_LEVEL = "-Onone";
			};
			name = Debug;
		};
		5A26E82B1F8710D30075B9C4 /* Release */ = {
			isa = XCBuildConfiguration;
			buildSettings = {
				ALWAYS_SEARCH_USER_PATHS = NO;
				CLANG_ANALYZER_NONNULL = YES;
				CLANG_ANALYZER_NUMBER_OBJECT_CONVERSION = YES_AGGRESSIVE;
				CLANG_CXX_LANGUAGE_STANDARD = "gnu++14";
				CLANG_CXX_LIBRARY = "libc++";
				CLANG_ENABLE_MODULES = YES;
				CLANG_ENABLE_OBJC_ARC = YES;
				CLANG_WARN_BLOCK_CAPTURE_AUTORELEASING = YES;
				CLANG_WARN_BOOL_CONVERSION = YES;
				CLANG_WARN_COMMA = YES;
				CLANG_WARN_CONSTANT_CONVERSION = YES;
				CLANG_WARN_DIRECT_OBJC_ISA_USAGE = YES_ERROR;
				CLANG_WARN_DOCUMENTATION_COMMENTS = YES;
				CLANG_WARN_EMPTY_BODY = YES;
				CLANG_WARN_ENUM_CONVERSION = YES;
				CLANG_WARN_INFINITE_RECURSION = YES;
				CLANG_WARN_INT_CONVERSION = YES;
				CLANG_WARN_NON_LITERAL_NULL_CONVERSION = YES;
				CLANG_WARN_OBJC_LITERAL_CONVERSION = YES;
				CLANG_WARN_OBJC_ROOT_CLASS = YES_ERROR;
				CLANG_WARN_RANGE_LOOP_ANALYSIS = YES;
				CLANG_WARN_STRICT_PROTOTYPES = YES;
				CLANG_WARN_SUSPICIOUS_MOVE = YES;
				CLANG_WARN_UNGUARDED_AVAILABILITY = YES_AGGRESSIVE;
				CLANG_WARN_UNREACHABLE_CODE = YES;
				CLANG_WARN__DUPLICATE_METHOD_MATCH = YES;
				CODE_SIGN_IDENTITY = "iPhone Developer";
				COPY_PHASE_STRIP = NO;
				DEBUG_INFORMATION_FORMAT = "dwarf-with-dsym";
				ENABLE_NS_ASSERTIONS = NO;
				ENABLE_STRICT_OBJC_MSGSEND = YES;
				GCC_C_LANGUAGE_STANDARD = gnu11;
				GCC_NO_COMMON_BLOCKS = YES;
				GCC_WARN_64_TO_32_BIT_CONVERSION = YES;
				GCC_WARN_ABOUT_RETURN_TYPE = YES_ERROR;
				GCC_WARN_UNDECLARED_SELECTOR = YES;
				GCC_WARN_UNINITIALIZED_AUTOS = YES_AGGRESSIVE;
				GCC_WARN_UNUSED_FUNCTION = YES;
				GCC_WARN_UNUSED_VARIABLE = YES;
				IPHONEOS_DEPLOYMENT_TARGET = 11.0;
				MTL_ENABLE_DEBUG_INFO = NO;
				SDKROOT = iphoneos;
				SWIFT_OPTIMIZATION_LEVEL = "-Owholemodule";
				VALIDATE_PRODUCT = YES;
			};
			name = Release;
		};
		5A26E82D1F8710D30075B9C4 /* Debug */ = {
			isa = XCBuildConfiguration;
			buildSettings = {
				ASSETCATALOG_COMPILER_APPICON_NAME = AppIcon;
				CODE_SIGN_STYLE = Automatic;
				INFOPLIST_FILE = Playground/Info.plist;
				LD_RUNPATH_SEARCH_PATHS = "$(inherited) @executable_path/Frameworks";
				PRODUCT_BUNDLE_IDENTIFIER = com.reskakis.Playground;
				PRODUCT_NAME = "$(TARGET_NAME)";
				SWIFT_VERSION = 4.0;
				TARGETED_DEVICE_FAMILY = "1,2";
			};
			name = Debug;
		};
		5A26E82E1F8710D30075B9C4 /* Release */ = {
			isa = XCBuildConfiguration;
			buildSettings = {
				ASSETCATALOG_COMPILER_APPICON_NAME = AppIcon;
				CODE_SIGN_STYLE = Automatic;
				INFOPLIST_FILE = Playground/Info.plist;
				LD_RUNPATH_SEARCH_PATHS = "$(inherited) @executable_path/Frameworks";
				PRODUCT_BUNDLE_IDENTIFIER = com.reskakis.Playground;
				PRODUCT_NAME = "$(TARGET_NAME)";
				SWIFT_VERSION = 4.0;
				TARGETED_DEVICE_FAMILY = "1,2";
			};
			name = Release;
		};
		5A26E8301F8710D30075B9C4 /* Debug */ = {
			isa = XCBuildConfiguration;
			buildSettings = {
				ALWAYS_EMBED_SWIFT_STANDARD_LIBRARIES = YES;
				BUNDLE_LOADER = "$(TEST_HOST)";
				CODE_SIGN_STYLE = Automatic;
				INFOPLIST_FILE = PlaygroundTests/Info.plist;
				LD_RUNPATH_SEARCH_PATHS = "$(inherited) @executable_path/Frameworks @loader_path/Frameworks";
				PRODUCT_BUNDLE_IDENTIFIER = com.reskakis.PlaygroundTests;
				PRODUCT_NAME = "$(TARGET_NAME)";
				SWIFT_VERSION = 4.0;
				TARGETED_DEVICE_FAMILY = "1,2";
				TEST_HOST = "$(BUILT_PRODUCTS_DIR)/Playground.app/Playground";
			};
			name = Debug;
		};
		5A26E8311F8710D30075B9C4 /* Release */ = {
			isa = XCBuildConfiguration;
			buildSettings = {
				ALWAYS_EMBED_SWIFT_STANDARD_LIBRARIES = YES;
				BUNDLE_LOADER = "$(TEST_HOST)";
				CODE_SIGN_STYLE = Automatic;
				INFOPLIST_FILE = PlaygroundTests/Info.plist;
				LD_RUNPATH_SEARCH_PATHS = "$(inherited) @executable_path/Frameworks @loader_path/Frameworks";
				PRODUCT_BUNDLE_IDENTIFIER = com.reskakis.PlaygroundTests;
				PRODUCT_NAME = "$(TARGET_NAME)";
				SWIFT_VERSION = 4.0;
				TARGETED_DEVICE_FAMILY = "1,2";
				TEST_HOST = "$(BUILT_PRODUCTS_DIR)/Playground.app/Playground";
			};
			name = Release;
		};
		5A26E8331F8710D30075B9C4 /* Debug */ = {
			isa = XCBuildConfiguration;
			buildSettings = {
				ALWAYS_EMBED_SWIFT_STANDARD_LIBRARIES = YES;
				CODE_SIGN_STYLE = Automatic;
				INFOPLIST_FILE = PlaygroundUITests/Info.plist;
				LD_RUNPATH_SEARCH_PATHS = "$(inherited) @executable_path/Frameworks @loader_path/Frameworks";
				PRODUCT_BUNDLE_IDENTIFIER = com.reskakis.PlaygroundUITests;
				PRODUCT_NAME = "$(TARGET_NAME)";
				SWIFT_VERSION = 4.0;
				TARGETED_DEVICE_FAMILY = "1,2";
				TEST_TARGET_NAME = Playground;
			};
			name = Debug;
		};
		5A26E8341F8710D30075B9C4 /* Release */ = {
			isa = XCBuildConfiguration;
			buildSettings = {
				ALWAYS_EMBED_SWIFT_STANDARD_LIBRARIES = YES;
				CODE_SIGN_STYLE = Automatic;
				INFOPLIST_FILE = PlaygroundUITests/Info.plist;
				LD_RUNPATH_SEARCH_PATHS = "$(inherited) @executable_path/Frameworks @loader_path/Frameworks";
				PRODUCT_BUNDLE_IDENTIFIER = com.reskakis.PlaygroundUITests;
				PRODUCT_NAME = "$(TARGET_NAME)";
				SWIFT_VERSION = 4.0;
				TARGETED_DEVICE_FAMILY = "1,2";
				TEST_TARGET_NAME = Playground;
			};
			name = Release;
		};
/* End XCBuildConfiguration section */

/* Begin XCConfigurationList section */
		5A26E7FF1F8710D30075B9C4 /* Build configuration list for PBXProject "Playground" */ = {
			isa = XCConfigurationList;
			buildConfigurations = (
				5A26E82A1F8710D30075B9C4 /* Debug */,
				5A26E82B1F8710D30075B9C4 /* Release */,
			);
			defaultConfigurationIsVisible = 0;
			defaultConfigurationName = Release;
		};
		5A26E82C1F8710D30075B9C4 /* Build configuration list for PBXNativeTarget "Playground" */ = {
			isa = XCConfigurationList;
			buildConfigurations = (
				5A26E82D1F8710D30075B9C4 /* Debug */,
				5A26E82E1F8710D30075B9C4 /* Release */,
			);
			defaultConfigurationIsVisible = 0;
			defaultConfigurationName = Release;
		};
		5A26E82F1F8710D30075B9C4 /* Build configuration list for PBXNativeTarget "PlaygroundTests" */ = {
			isa = XCConfigurationList;
			buildConfigurations = (
				5A26E8301F8710D30075B9C4 /* Debug */,
				5A26E8311F8710D30075B9C4 /* Release */,
			);
			defaultConfigurationIsVisible = 0;
			defaultConfigurationName = Release;
		};
		5A26E8321F8710D30075B9C4 /* Build configuration list for PBXNativeTarget "PlaygroundUITests" */ = {
			isa = XCConfigurationList;
			buildConfigurations = (
				5A26E8331F8710D30075B9C4 /* Debug */,
				5A26E8341F8710D30075B9C4 /* Release */,
			);
			defaultConfigurationIsVisible = 0;
			defaultConfigurationName = Release;
		};
/* End XCConfigurationList section */
	};
	rootObject = 5A26E7FC1F8710D30075B9C4 /* Project object */;
}
